
Microsoft Visual Studio Solution File, Format Version 12.00
# Visual Studio Version 16
VisualStudioVersion = 16.0.29201.188
MinimumVisualStudioVersion = 10.0.40219.1
Project("{FAE04EC0-301F-11D3-BF4B-00C04F79EFBC}") = "BooksDatabase", "BooksDatabase.csproj", "{4BF2D00E-5CF3-4A71-96EB-DD7B4E7AE60D}"
EndProject
Global
	GlobalSection(SolutionConfigurationPlatforms) = preSolution
		Debug|Any CPU = Debug|Any CPU
		Release|Any CPU = Release|Any CPU
	EndGlobalSection
	GlobalSection(ProjectConfigurationPlatforms) = postSolution
		{4BF2D00E-5CF3-4A71-96EB-DD7B4E7AE60D}.Debug|Any CPU.ActiveCfg = Debug|Any CPU
		{4BF2D00E-5CF3-4A71-96EB-DD7B4E7AE60D}.Debug|Any CPU.Build.0 = Debug|Any CPU
		{4BF2D00E-5CF3-4A71-96EB-DD7B4E7AE60D}.Release|Any CPU.ActiveCfg = Release|Any CPU
		{4BF2D00E-5CF3-4A71-96EB-DD7B4E7AE60D}.Release|Any CPU.Build.0 = Release|Any CPU
	EndGlobalSection
	GlobalSection(SolutionProperties) = preSolution
		HideSolutionNode = FALSE
	EndGlobalSection
	GlobalSection(ExtensibilityGlobals) = postSolution
		SolutionGuid = {86D53295-33E8-4DAB-8E99-F7EE9025CFA0}
	EndGlobalSection
EndGlobal
