
Microsoft Visual Studio Solution File, Format Version 12.00
# Visual Studio Version 16
VisualStudioVersion = 16.0.29009.5
MinimumVisualStudioVersion = 10.0.40219.1
Project("{FAE04EC0-301F-11D3-BF4B-00C04F79EFBC}") = "CarLot", "CarLot.csproj", "{ECFE2351-8D74-4D17-919B-BDD2117CF316}"
EndProject
Global
	GlobalSection(SolutionConfigurationPlatforms) = preSolution
		Debug|Any CPU = Debug|Any CPU
		Release|Any CPU = Release|Any CPU
	EndGlobalSection
	GlobalSection(ProjectConfigurationPlatforms) = postSolution
		{ECFE2351-8D74-4D17-919B-BDD2117CF316}.Debug|Any CPU.ActiveCfg = Debug|Any CPU
		{ECFE2351-8D74-4D17-919B-BDD2117CF316}.Debug|Any CPU.Build.0 = Debug|Any CPU
		{ECFE2351-8D74-4D17-919B-BDD2117CF316}.Release|Any CPU.ActiveCfg = Release|Any CPU
		{ECFE2351-8D74-4D17-919B-BDD2117CF316}.Release|Any CPU.Build.0 = Release|Any CPU
	EndGlobalSection
	GlobalSection(SolutionProperties) = preSolution
		HideSolutionNode = FALSE
	EndGlobalSection
	GlobalSection(ExtensibilityGlobals) = postSolution
		SolutionGuid = {D54BB465-9C2E-4986-B4D0-35FAE3CE535B}
	EndGlobalSection
EndGlobal
