
Microsoft Visual Studio Solution File, Format Version 12.00
# Visual Studio Version 16
VisualStudioVersion = 16.0.29009.5
MinimumVisualStudioVersion = 10.0.40219.1
Project("{9A19103F-16F7-4668-BE54-9A1E7A4F7556}") = "HelloWorld", "HelloWorld.csproj", "{F9C828C5-D28E-48BA-9158-75E4E8B9E4BC}"
EndProject
Global
	GlobalSection(SolutionConfigurationPlatforms) = preSolution
		Debug|Any CPU = Debug|Any CPU
		Release|Any CPU = Release|Any CPU
	EndGlobalSection
	GlobalSection(ProjectConfigurationPlatforms) = postSolution
		{F9C828C5-D28E-48BA-9158-75E4E8B9E4BC}.Debug|Any CPU.ActiveCfg = Debug|Any CPU
		{F9C828C5-D28E-48BA-9158-75E4E8B9E4BC}.Debug|Any CPU.Build.0 = Debug|Any CPU
		{F9C828C5-D28E-48BA-9158-75E4E8B9E4BC}.Release|Any CPU.ActiveCfg = Release|Any CPU
		{F9C828C5-D28E-48BA-9158-75E4E8B9E4BC}.Release|Any CPU.Build.0 = Release|Any CPU
	EndGlobalSection
	GlobalSection(SolutionProperties) = preSolution
		HideSolutionNode = FALSE
	EndGlobalSection
	GlobalSection(ExtensibilityGlobals) = postSolution
		SolutionGuid = {59E40300-5809-4CEB-A1DD-59122E4CF023}
	EndGlobalSection
EndGlobal
