
Microsoft Visual Studio Solution File, Format Version 12.00
# Visual Studio Version 16
VisualStudioVersion = 16.0.29009.5
MinimumVisualStudioVersion = 10.0.40219.1
Project("{FAE04EC0-301F-11D3-BF4B-00C04F79EFBC}") = "PoCos", "PoCos.csproj", "{A56A58C2-B8E5-4412-8658-708716059854}"
EndProject
Global
	GlobalSection(SolutionConfigurationPlatforms) = preSolution
		Debug|Any CPU = Debug|Any CPU
		Release|Any CPU = Release|Any CPU
	EndGlobalSection
	GlobalSection(ProjectConfigurationPlatforms) = postSolution
		{A56A58C2-B8E5-4412-8658-708716059854}.Debug|Any CPU.ActiveCfg = Debug|Any CPU
		{A56A58C2-B8E5-4412-8658-708716059854}.Debug|Any CPU.Build.0 = Debug|Any CPU
		{A56A58C2-B8E5-4412-8658-708716059854}.Release|Any CPU.ActiveCfg = Release|Any CPU
		{A56A58C2-B8E5-4412-8658-708716059854}.Release|Any CPU.Build.0 = Release|Any CPU
	EndGlobalSection
	GlobalSection(SolutionProperties) = preSolution
		HideSolutionNode = FALSE
	EndGlobalSection
	GlobalSection(ExtensibilityGlobals) = postSolution
		SolutionGuid = {60F50A80-64E8-469D-BCB2-9C55C252C94F}
	EndGlobalSection
EndGlobal
