
Microsoft Visual Studio Solution File, Format Version 12.00
# Visual Studio Version 16
VisualStudioVersion = 16.0.29009.5
MinimumVisualStudioVersion = 10.0.40219.1
Project("{FAE04EC0-301F-11D3-BF4B-00C04F79EFBC}") = "ManyMethods", "ManyMethods.csproj", "{1F382D47-8B80-47E2-BC58-E930C0E4469A}"
EndProject
Global
	GlobalSection(SolutionConfigurationPlatforms) = preSolution
		Debug|Any CPU = Debug|Any CPU
		Release|Any CPU = Release|Any CPU
	EndGlobalSection
	GlobalSection(ProjectConfigurationPlatforms) = postSolution
		{1F382D47-8B80-47E2-BC58-E930C0E4469A}.Debug|Any CPU.ActiveCfg = Debug|Any CPU
		{1F382D47-8B80-47E2-BC58-E930C0E4469A}.Debug|Any CPU.Build.0 = Debug|Any CPU
		{1F382D47-8B80-47E2-BC58-E930C0E4469A}.Release|Any CPU.ActiveCfg = Release|Any CPU
		{1F382D47-8B80-47E2-BC58-E930C0E4469A}.Release|Any CPU.Build.0 = Release|Any CPU
	EndGlobalSection
	GlobalSection(SolutionProperties) = preSolution
		HideSolutionNode = FALSE
	EndGlobalSection
	GlobalSection(ExtensibilityGlobals) = postSolution
		SolutionGuid = {05F07953-81EC-42F0-B93B-EFC1ABA2787D}
	EndGlobalSection
EndGlobal
